
Microsoft Visual Studio Solution File, Format Version 12.00
# Visual Studio 14
VisualStudioVersion = 14.0.25420.1
MinimumVisualStudioVersion = 10.0.40219.1
Project("{2150E333-8FDC-42A3-9474-1A3956D46DE8}") = "src", "src", "{C207D48A-0D71-4973-A696-86C73AB2EBE0}"
EndProject
Project("{2150E333-8FDC-42A3-9474-1A3956D46DE8}") = "Solution Items", "Solution Items", "{4EBED679-2125-401D-9FB5-03EFBFA9DEA2}"
	ProjectSection(SolutionItems) = preProject
		global.json = global.json
	EndProjectSection
EndProject
Project("{8BB2217D-0F2D-49D1-97BC-3654ED321F3B}") = "INTERIoTEWS.SituationIdentificationManager.SituationIdentificationREST", "src\ContextManagerREST\INTERIoTEWS.SituationIdentificationManager.SituationIdentificationREST.xproj", "{726B0685-D46D-40BA-A214-C619539AFAF4}"
EndProject
Project("{FAE04EC0-301F-11D3-BF4B-00C04F79EFBC}") = "INTERIoTEWS.Context.DataObjects", "ContextManager.DataObjects\INTERIoTEWS.Context.DataObjects.csproj", "{5BD311FF-B0D7-4CFB-AB5C-9A4EF1026996}"
EndProject
Global
	GlobalSection(SolutionConfigurationPlatforms) = preSolution
		Debug|Any CPU = Debug|Any CPU
		Release|Any CPU = Release|Any CPU
	EndGlobalSection
	GlobalSection(ProjectConfigurationPlatforms) = postSolution
		{726B0685-D46D-40BA-A214-C619539AFAF4}.Debug|Any CPU.ActiveCfg = Debug|Any CPU
		{726B0685-D46D-40BA-A214-C619539AFAF4}.Debug|Any CPU.Build.0 = Debug|Any CPU
		{726B0685-D46D-40BA-A214-C619539AFAF4}.Release|Any CPU.ActiveCfg = Release|Any CPU
		{726B0685-D46D-40BA-A214-C619539AFAF4}.Release|Any CPU.Build.0 = Release|Any CPU
		{5BD311FF-B0D7-4CFB-AB5C-9A4EF1026996}.Debug|Any CPU.ActiveCfg = Debug|Any CPU
		{5BD311FF-B0D7-4CFB-AB5C-9A4EF1026996}.Debug|Any CPU.Build.0 = Debug|Any CPU
		{5BD311FF-B0D7-4CFB-AB5C-9A4EF1026996}.Release|Any CPU.ActiveCfg = Release|Any CPU
		{5BD311FF-B0D7-4CFB-AB5C-9A4EF1026996}.Release|Any CPU.Build.0 = Release|Any CPU
	EndGlobalSection
	GlobalSection(SolutionProperties) = preSolution
		HideSolutionNode = FALSE
	EndGlobalSection
	GlobalSection(NestedProjects) = preSolution
		{726B0685-D46D-40BA-A214-C619539AFAF4} = {C207D48A-0D71-4973-A696-86C73AB2EBE0}
		{5BD311FF-B0D7-4CFB-AB5C-9A4EF1026996} = {C207D48A-0D71-4973-A696-86C73AB2EBE0}
	EndGlobalSection
EndGlobal
